<?xml version="1.0" encoding="utf-8"?>
<Project ToolsVersion="4.0" xmlns="http://schemas.microsoft.com/developer/msbuild/2003">
  <ItemGroup>
    <Filter Include="Source Files">
      <UniqueIdentifier>{4FC737F1-C7A5-4376-A066-2A32D752A2FF}</UniqueIdentifier>
      <Extensions>cpp;c;cc;cxx;c++;cppm;ixx;def;odl;idl;hpj;bat;asm;asmx</Extensions>
    </Filter>
    <Filter Include="Header Files">
      <UniqueIdentifier>{93995380-89BD-4b04-88EB-625FBE52EBFB}</UniqueIdentifier>
      <Extensions>h;hh;hpp;hxx;h++;hm;inl;inc;ipp;xsd</Extensions>
    </Filter>
    <Filter Include="Resource Files">
      <UniqueIdentifier>{67DA6AB6-F800-4c08-8B7A-83BB121AAD01}</UniqueIdentifier>
      <Extensions>rc;ico;cur;bmp;dlg;rc2;rct;bin;rgs;gif;jpg;jpeg;jpe;resx;tiff;tif;png;wav;mfcribbon-ms</Extensions>
    </Filter>
    <Filter Include="Source Files\Brick">
      <UniqueIdentifier>{31d93675-5f84-4d28-a8f3-0083b2427feb}</UniqueIdentifier>
    </Filter>
    <Filter Include="Source Files\PowerUps">
      <UniqueIdentifier>{bc376102-2883-43f2-948a-414582b60dc8}</UniqueIdentifier>
    </Filter>
    <Filter Include="Source Files\Renderers">
      <UniqueIdentifier>{8f7dca00-310b-4f5b-bd6f-1eaa574f7c4a}</UniqueIdentifier>
    </Filter>
    <Filter Include="Source Files\Scenes">
      <UniqueIdentifier>{37316866-495a-4dd8-8502-7fa4db74314f}</UniqueIdentifier>
    </Filter>
    <Filter Include="Source Files\Utils">
      <UniqueIdentifier>{8f67daa1-5058-46df-afb5-bbf6a7cf46a1}</UniqueIdentifier>
    </Filter>
    <Filter Include="Source Files\Audio">
      <UniqueIdentifier>{a44dc96a-fe40-45ec-aabc-c2d465696a2e}</UniqueIdentifier>
    </Filter>
    <Filter Include="Source Files\Inputs">
      <UniqueIdentifier>{4e6c1527-00b9-4816-ada9-94620e444cc2}</UniqueIdentifier>
    </Filter>
    <Filter Include="Source Files\Ranking">
      <UniqueIdentifier>{52581170-44ab-43cb-8a42-21cf4c31ca11}</UniqueIdentifier>
    </Filter>
  </ItemGroup>
  <ItemGroup>
    <ClCompile Include="source\HelloWorldSDL.cpp">
      <Filter>Source Files</Filter>
    </ClCompile>
    <ClCompile Include="source\Game.cpp">
      <Filter>Source Files</Filter>
    </ClCompile>
    <ClCompile Include="source\Player.cpp">
      <Filter>Source Files</Filter>
    </ClCompile>
    <ClCompile Include="source\Brick\Brick.cpp">
      <Filter>Source Files\Brick</Filter>
    </ClCompile>
    <ClCompile Include="source\Ball.cpp">
      <Filter>Source Files</Filter>
    </ClCompile>
    <ClCompile Include="source\XML.cpp">
      <Filter>Source Files</Filter>
    </ClCompile>
    <ClCompile Include="source\Button.cpp">
      <Filter>Source Files\Renderers</Filter>
    </ClCompile>
    <ClCompile Include="source\PowerUpFactory.cpp">
      <Filter>Source Files\PowerUps</Filter>
    </ClCompile>
    <ClCompile Include="source\PowerUp.cpp">
      <Filter>Source Files\PowerUps</Filter>
    </ClCompile>
    <ClCompile Include="source\Speed.cpp">
      <Filter>Source Files\PowerUps</Filter>
    </ClCompile>
    <ClCompile Include="source\MiniLenght.cpp">
      <Filter>Source Files\PowerUps</Filter>
    </ClCompile>
    <ClCompile Include="source\ExtraLenght.cpp">
      <Filter>Source Files\PowerUps</Filter>
    </ClCompile>
    <ClCompile Include="source\SceneManager.cpp">
      <Filter>Source Files\Scenes</Filter>
    </ClCompile>
    <ClCompile Include="source\Scene.cpp">
      <Filter>Source Files\Scenes</Filter>
    </ClCompile>
    <ClCompile Include="source\Animation2D.cpp">
      <Filter>Source Files\Renderers</Filter>
    </ClCompile>
    <ClCompile Include="source\Image.cpp">
      <Filter>Source Files\Renderers</Filter>
    </ClCompile>
    <ClCompile Include="source\MenuScene.cpp">
      <Filter>Source Files\Scenes</Filter>
    </ClCompile>
    <ClCompile Include="source\Renderer.cpp">
      <Filter>Source Files\Renderers</Filter>
    </ClCompile>
    <ClCompile Include="source\RenderManager.cpp">
      <Filter>Source Files\Renderers</Filter>
    </ClCompile>
    <ClCompile Include="source\Text.cpp">
      <Filter>Source Files\Renderers</Filter>
    </ClCompile>
    <ClCompile Include="source\SplashScreen.cpp">
      <Filter>Source Files\Scenes</Filter>
    </ClCompile>
    <ClCompile Include="source\RankingScene.cpp">
      <Filter>Source Files\Scenes</Filter>
    </ClCompile>
    <ClCompile Include="source\AudioManager.cpp">
      <Filter>Source Files\Audio</Filter>
    </ClCompile>
    <ClCompile Include="source\Controller.cpp">
      <Filter>Source Files\Inputs</Filter>
    </ClCompile>
    <ClCompile Include="source\EventKey.cpp">
      <Filter>Source Files\Inputs</Filter>
    </ClCompile>
    <ClCompile Include="source\InputManager.cpp">
      <Filter>Source Files\Inputs</Filter>
    </ClCompile>
    <ClCompile Include="source\Keyboard.cpp">
      <Filter>Source Files\Inputs</Filter>
    </ClCompile>
    <ClCompile Include="source\GameScene.cpp">
      <Filter>Source Files\Scenes</Filter>
    </ClCompile>
    <ClCompile Include="source\Ranking.cpp">
      <Filter>Source Files\Ranking</Filter>
    </ClCompile>
  </ItemGroup>
  <ItemGroup>
    <ClInclude Include="source\Brick\Brick.h">
      <Filter>Source Files\Brick</Filter>
    </ClInclude>
    <ClInclude Include="source\Animation2D.h">
      <Filter>Source Files\Renderers</Filter>
    </ClInclude>
    <ClInclude Include="source\Button.h">
      <Filter>Source Files\Renderers</Filter>
    </ClInclude>
    <ClInclude Include="source\Image.h">
      <Filter>Source Files\Renderers</Filter>
    </ClInclude>
    <ClInclude Include="source\GameScene.h">
      <Filter>Source Files\Scenes</Filter>
    </ClInclude>
    <ClInclude Include="source\MenuScene.h">
      <Filter>Source Files\Scenes</Filter>
    </ClInclude>
    <ClInclude Include="source\PowerUpFactory.h">
      <Filter>Source Files\PowerUps</Filter>
    </ClInclude>
    <ClInclude Include="source\Text.h">
      <Filter>Source Files\Renderers</Filter>
    </ClInclude>
    <ClInclude Include="source\Renderer.h">
      <Filter>Source Files\Renderers</Filter>
    </ClInclude>
    <ClInclude Include="source\RenderManager.h">
      <Filter>Source Files\Renderers</Filter>
    </ClInclude>
    <ClInclude Include="source\SplashScreen.h">
      <Filter>Source Files\Scenes</Filter>
    </ClInclude>
    <ClInclude Include="source\Scene.h">
      <Filter>Source Files\Scenes</Filter>
    </ClInclude>
    <ClInclude Include="source\SceneManager.h">
      <Filter>Source Files\Scenes</Filter>
    </ClInclude>
    <ClInclude Include="source\PowerUp.h">
      <Filter>Source Files\PowerUps</Filter>
    </ClInclude>
    <ClInclude Include="source\Speed.h">
      <Filter>Source Files\PowerUps</Filter>
    </ClInclude>
    <ClInclude Include="source\MiniLenght.h">
      <Filter>Source Files\PowerUps</Filter>
    </ClInclude>
    <ClInclude Include="source\ExtraLenght.h">
      <Filter>Source Files\PowerUps</Filter>
    </ClInclude>
    <ClInclude Include="source\Ball.h">
      <Filter>Source Files</Filter>
    </ClInclude>
    <ClInclude Include="source\Game.h">
      <Filter>Source Files</Filter>
    </ClInclude>
    <ClInclude Include="source\Player.h">
      <Filter>Source Files</Filter>
    </ClInclude>
    <ClInclude Include="source\XML.h">
      <Filter>Source Files</Filter>
    </ClInclude>
    <ClInclude Include="source\CollisionsHelper.h">
      <Filter>Source Files\Utils</Filter>
    </ClInclude>
    <ClInclude Include="source\Vector2D.h">
      <Filter>Source Files\Utils</Filter>
    </ClInclude>
    <ClInclude Include="source\RankingScene.h">
      <Filter>Source Files\Scenes</Filter>
    </ClInclude>
    <ClInclude Include="source\AudioManager.h">
      <Filter>Source Files\Audio</Filter>
    </ClInclude>
    <ClInclude Include="source\Controller.h">
      <Filter>Source Files\Inputs</Filter>
    </ClInclude>
    <ClInclude Include="source\EventKey.h">
      <Filter>Source Files\Inputs</Filter>
    </ClInclude>
    <ClInclude Include="source\InputManager.h">
      <Filter>Source Files\Inputs</Filter>
    </ClInclude>
    <ClInclude Include="source\KeyBoard.h">
      <Filter>Source Files\Inputs</Filter>
    </ClInclude>
    <ClInclude Include="source\Ranking.h">
      <Filter>Source Files\Ranking</Filter>
    </ClInclude>
  </ItemGroup>
</Project>